// !$*UTF8*$!
{
	archiveVersion = 1;
	classes = {
	};
	objectVersion = 50;
	objects = {

/* Begin PBXBuildFile section */
		4D061F87F0170A1DDF61A34B /* libPods-HikVideoPro.a in Frameworks */ = {isa = PBXBuildFile; fileRef = 59830A3EF72F8F700650DC7F /* libPods-HikVideoPro.a */; };
		5307F8C221EC572A0061D5A6 /* AppDelegate.m in Sources */ = {isa = PBXBuildFile; fileRef = 5307F8C121EC572A0061D5A6 /* AppDelegate.m */; };
		5307F8C821EC572A0061D5A6 /* Main.storyboard in Resources */ = {isa = PBXBuildFile; fileRef = 5307F8C621EC572A0061D5A6 /* Main.storyboard */; };
		5307F8CA21EC572C0061D5A6 /* Assets.xcassets in Resources */ = {isa = PBXBuildFile; fileRef = 5307F8C921EC572C0061D5A6 /* Assets.xcassets */; };
		5307F8CD21EC572C0061D5A6 /* LaunchScreen.storyboard in Resources */ = {isa = PBXBuildFile; fileRef = 5307F8CB21EC572C0061D5A6 /* LaunchScreen.storyboard */; };
		5307F8D021EC572C0061D5A6 /* main.m in Sources */ = {isa = PBXBuildFile; fileRef = 5307F8CF21EC572C0061D5A6 /* main.m */; };
		5307F8E121EC59320061D5A6 /* HJG_YinSi.m in Sources */ = {isa = PBXBuildFile; fileRef = 5307F8DF21EC59320061D5A6 /* HJG_YinSi.m */; };
		5307F8E221EC59320061D5A6 /* App隐私政策.html in Resources */ = {isa = PBXBuildFile; fileRef = 5307F8E021EC59320061D5A6 /* App隐私政策.html */; };
		5307F8E821EC59390061D5A6 /* HYNetworking.m in Sources */ = {isa = PBXBuildFile; fileRef = 5307F8E621EC59390061D5A6 /* HYNetworking.m */; };
		5307F8E921EC59390061D5A6 /* ShareManagerCtrl.m in Sources */ = {isa = PBXBuildFile; fileRef = 5307F8E721EC59390061D5A6 /* ShareManagerCtrl.m */; };
		5307F91D21EC59480061D5A6 /* TitleView.m in Sources */ = {isa = PBXBuildFile; fileRef = 5307F8EC21EC59480061D5A6 /* TitleView.m */; };
		5307F91E21EC59480061D5A6 /* ActionSheetView.m in Sources */ = {isa = PBXBuildFile; fileRef = 5307F8EE21EC59480061D5A6 /* ActionSheetView.m */; };
		5307F91F21EC59480061D5A6 /* NSDictionary+Log.m in Sources */ = {isa = PBXBuildFile; fileRef = 5307F8EF21EC59480061D5A6 /* NSDictionary+Log.m */; };
		5307F92021EC59480061D5A6 /* CustomNavigationBar.m in Sources */ = {isa = PBXBuildFile; fileRef = 5307F8F021EC59480061D5A6 /* CustomNavigationBar.m */; };
		5307F92121EC59480061D5A6 /* UItils.m in Sources */ = {isa = PBXBuildFile; fileRef = 5307F8F121EC59480061D5A6 /* UItils.m */; };
		5307F92321EC59480061D5A6 /* HYSegmentView.m in Sources */ = {isa = PBXBuildFile; fileRef = 5307F8F521EC59480061D5A6 /* HYSegmentView.m */; };
		5307F92421EC59480061D5A6 /* UserInfo.m in Sources */ = {isa = PBXBuildFile; fileRef = 5307F8F721EC59480061D5A6 /* UserInfo.m */; };
		5307F92A21EC59480061D5A6 /* PageContentView.m in Sources */ = {isa = PBXBuildFile; fileRef = 5307F90421EC59480061D5A6 /* PageContentView.m */; };
		5307F92B21EC59480061D5A6 /* TopThreeView.m in Sources */ = {isa = PBXBuildFile; fileRef = 5307F90521EC59480061D5A6 /* TopThreeView.m */; };
		5307F92C21EC59480061D5A6 /* TopThreeView.xib in Resources */ = {isa = PBXBuildFile; fileRef = 5307F90621EC59480061D5A6 /* TopThreeView.xib */; };
		5307F92D21EC59480061D5A6 /* CAShapeLayerView.m in Sources */ = {isa = PBXBuildFile; fileRef = 5307F90721EC59480061D5A6 /* CAShapeLayerView.m */; };
		5307F92E21EC59480061D5A6 /* AlertView.xib in Resources */ = {isa = PBXBuildFile; fileRef = 5307F90B21EC59480061D5A6 /* AlertView.xib */; };
		5307F92F21EC59480061D5A6 /* AlertView.m in Sources */ = {isa = PBXBuildFile; fileRef = 5307F90D21EC59480061D5A6 /* AlertView.m */; };
		5307F93621EC59480061D5A6 /* NSArray+Log.m in Sources */ = {isa = PBXBuildFile; fileRef = 5307F91B21EC59480061D5A6 /* NSArray+Log.m */; };
		5307F93A21EC5ADB0061D5A6 /* BackBtnViewController.m in Sources */ = {isa = PBXBuildFile; fileRef = 5307F93821EC5ADA0061D5A6 /* BackBtnViewController.m */; };
		5307F93B21EC5ADB0061D5A6 /* BackBtnViewController.xib in Resources */ = {isa = PBXBuildFile; fileRef = 5307F93921EC5ADB0061D5A6 /* BackBtnViewController.xib */; };
		5307F93E21EC64440061D5A6 /* LoginRegisterViewCtrl.m in Sources */ = {isa = PBXBuildFile; fileRef = 5307F93D21EC64440061D5A6 /* LoginRegisterViewCtrl.m */; };
		5307F94121EC6EAD0061D5A6 /* IncludeCellView.m in Sources */ = {isa = PBXBuildFile; fileRef = 5307F94021EC6EAD0061D5A6 /* IncludeCellView.m */; };
		5307F94521EC6F800061D5A6 /* MainViewController.m in Sources */ = {isa = PBXBuildFile; fileRef = 5307F94321EC6F800061D5A6 /* MainViewController.m */; };
		5307F94A21EC71DD0061D5A6 /* WJZSickCell.xib in Resources */ = {isa = PBXBuildFile; fileRef = 5307F94721EC71DD0061D5A6 /* WJZSickCell.xib */; };
		5307F94B21EC71DD0061D5A6 /* WJZSickCell.m in Sources */ = {isa = PBXBuildFile; fileRef = 5307F94821EC71DD0061D5A6 /* WJZSickCell.m */; };
/* End PBXBuildFile section */

/* Begin PBXFileReference section */
		5307F8BD21EC572A0061D5A6 /* HikVideoPro.app */ = {isa = PBXFileReference; explicitFileType = wrapper.application; includeInIndex = 0; path = HikVideoPro.app; sourceTree = BUILT_PRODUCTS_DIR; };
		5307F8C021EC572A0061D5A6 /* AppDelegate.h */ = {isa = PBXFileReference; lastKnownFileType = sourcecode.c.h; path = AppDelegate.h; sourceTree = "<group>"; };
		5307F8C121EC572A0061D5A6 /* AppDelegate.m */ = {isa = PBXFileReference; lastKnownFileType = sourcecode.c.objc; path = AppDelegate.m; sourceTree = "<group>"; };
		5307F8C721EC572A0061D5A6 /* Base */ = {isa = PBXFileReference; lastKnownFileType = file.storyboard; name = Base; path = Base.lproj/Main.storyboard; sourceTree = "<group>"; };
		5307F8C921EC572C0061D5A6 /* Assets.xcassets */ = {isa = PBXFileReference; lastKnownFileType = folder.assetcatalog; path = Assets.xcassets; sourceTree = "<group>"; };
		5307F8CC21EC572C0061D5A6 /* Base */ = {isa = PBXFileReference; lastKnownFileType = file.storyboard; name = Base; path = Base.lproj/LaunchScreen.storyboard; sourceTree = "<group>"; };
		5307F8CE21EC572C0061D5A6 /* Info.plist */ = {isa = PBXFileReference; lastKnownFileType = text.plist.xml; path = Info.plist; sourceTree = "<group>"; };
		5307F8CF21EC572C0061D5A6 /* main.m */ = {isa = PBXFileReference; lastKnownFileType = sourcecode.c.objc; path = main.m; sourceTree = "<group>"; };
		5307F8DB21EC59320061D5A6 /* HJG_YinSi.h */ = {isa = PBXFileReference; fileEncoding = 4; lastKnownFileType = sourcecode.c.h; path = HJG_YinSi.h; sourceTree = "<group>"; };
		5307F8DC21EC59320061D5A6 /* Defaults.h */ = {isa = PBXFileReference; fileEncoding = 4; lastKnownFileType = sourcecode.c.h; path = Defaults.h; sourceTree = "<group>"; };
		5307F8DD21EC59320061D5A6 /* URLs.h */ = {isa = PBXFileReference; fileEncoding = 4; lastKnownFileType = sourcecode.c.h; path = URLs.h; sourceTree = "<group>"; };
		5307F8DE21EC59320061D5A6 /* PrefixHeader.pch */ = {isa = PBXFileReference; fileEncoding = 4; lastKnownFileType = sourcecode.c.h; path = PrefixHeader.pch; sourceTree = "<group>"; };
		5307F8DF21EC59320061D5A6 /* HJG_YinSi.m */ = {isa = PBXFileReference; fileEncoding = 4; lastKnownFileType = sourcecode.c.objc; path = HJG_YinSi.m; sourceTree = "<group>"; };
		5307F8E021EC59320061D5A6 /* App隐私政策.html */ = {isa = PBXFileReference; fileEncoding = 4; lastKnownFileType = text.html; path = "App隐私政策.html"; sourceTree = "<group>"; };
		5307F8E421EC59390061D5A6 /* HYNetworking.h */ = {isa = PBXFileReference; fileEncoding = 4; lastKnownFileType = sourcecode.c.h; path = HYNetworking.h; sourceTree = "<group>"; };
		5307F8E521EC59390061D5A6 /* ShareManagerCtrl.h */ = {isa = PBXFileReference; fileEncoding = 4; lastKnownFileType = sourcecode.c.h; path = ShareManagerCtrl.h; sourceTree = "<group>"; };
		5307F8E621EC59390061D5A6 /* HYNetworking.m */ = {isa = PBXFileReference; fileEncoding = 4; lastKnownFileType = sourcecode.c.objc; path = HYNetworking.m; sourceTree = "<group>"; };
		5307F8E721EC59390061D5A6 /* ShareManagerCtrl.m */ = {isa = PBXFileReference; fileEncoding = 4; lastKnownFileType = sourcecode.c.objc; path = ShareManagerCtrl.m; sourceTree = "<group>"; };
		5307F8EB21EC59480061D5A6 /* AlertView.h */ = {isa = PBXFileReference; fileEncoding = 4; lastKnownFileType = sourcecode.c.h; path = AlertView.h; sourceTree = "<group>"; };
		5307F8EC21EC59480061D5A6 /* TitleView.m */ = {isa = PBXFileReference; fileEncoding = 4; lastKnownFileType = sourcecode.c.objc; path = TitleView.m; sourceTree = "<group>"; };
		5307F8EE21EC59480061D5A6 /* ActionSheetView.m */ = {isa = PBXFileReference; fileEncoding = 4; lastKnownFileType = sourcecode.c.objc; path = ActionSheetView.m; sourceTree = "<group>"; };
		5307F8EF21EC59480061D5A6 /* NSDictionary+Log.m */ = {isa = PBXFileReference; fileEncoding = 4; lastKnownFileType = sourcecode.c.objc; path = "NSDictionary+Log.m"; sourceTree = "<group>"; };
		5307F8F021EC59480061D5A6 /* CustomNavigationBar.m */ = {isa = PBXFileReference; fileEncoding = 4; lastKnownFileType = sourcecode.c.objc; path = CustomNavigationBar.m; sourceTree = "<group>"; };
		5307F8F121EC59480061D5A6 /* UItils.m */ = {isa = PBXFileReference; fileEncoding = 4; lastKnownFileType = sourcecode.c.objc; path = UItils.m; sourceTree = "<group>"; };
		5307F8F521EC59480061D5A6 /* HYSegmentView.m */ = {isa = PBXFileReference; fileEncoding = 4; lastKnownFileType = sourcecode.c.objc; path = HYSegmentView.m; sourceTree = "<group>"; };
		5307F8F721EC59480061D5A6 /* UserInfo.m */ = {isa = PBXFileReference; fileEncoding = 4; lastKnownFileType = sourcecode.c.objc; path = UserInfo.m; sourceTree = "<group>"; };
		5307F90421EC59480061D5A6 /* PageContentView.m */ = {isa = PBXFileReference; fileEncoding = 4; lastKnownFileType = sourcecode.c.objc; path = PageContentView.m; sourceTree = "<group>"; };
		5307F90521EC59480061D5A6 /* TopThreeView.m */ = {isa = PBXFileReference; fileEncoding = 4; lastKnownFileType = sourcecode.c.objc; path = TopThreeView.m; sourceTree = "<group>"; };
		5307F90621EC59480061D5A6 /* TopThreeView.xib */ = {isa = PBXFileReference; fileEncoding = 4; lastKnownFileType = file.xib; path = TopThreeView.xib; sourceTree = "<group>"; };
		5307F90721EC59480061D5A6 /* CAShapeLayerView.m */ = {isa = PBXFileReference; fileEncoding = 4; lastKnownFileType = sourcecode.c.objc; path = CAShapeLayerView.m; sourceTree = "<group>"; };
		5307F90821EC59480061D5A6 /* NSArray+Log.h */ = {isa = PBXFileReference; fileEncoding = 4; lastKnownFileType = sourcecode.c.h; path = "NSArray+Log.h"; sourceTree = "<group>"; };
		5307F90921EC59480061D5A6 /* NSDictionary+Log.h */ = {isa = PBXFileReference; fileEncoding = 4; lastKnownFileType = sourcecode.c.h; path = "NSDictionary+Log.h"; sourceTree = "<group>"; };
		5307F90A21EC59480061D5A6 /* ActionSheetView.h */ = {isa = PBXFileReference; fileEncoding = 4; lastKnownFileType = sourcecode.c.h; path = ActionSheetView.h; sourceTree = "<group>"; };
		5307F90B21EC59480061D5A6 /* AlertView.xib */ = {isa = PBXFileReference; fileEncoding = 4; lastKnownFileType = file.xib; path = AlertView.xib; sourceTree = "<group>"; };
		5307F90C21EC59480061D5A6 /* TitleView.h */ = {isa = PBXFileReference; fileEncoding = 4; lastKnownFileType = sourcecode.c.h; path = TitleView.h; sourceTree = "<group>"; };
		5307F90D21EC59480061D5A6 /* AlertView.m */ = {isa = PBXFileReference; fileEncoding = 4; lastKnownFileType = sourcecode.c.objc; path = AlertView.m; sourceTree = "<group>"; };
		5307F90F21EC59480061D5A6 /* HYSegmentView.h */ = {isa = PBXFileReference; fileEncoding = 4; lastKnownFileType = sourcecode.c.h; path = HYSegmentView.h; sourceTree = "<group>"; };
		5307F91521EC59480061D5A6 /* UItils.h */ = {isa = PBXFileReference; fileEncoding = 4; lastKnownFileType = sourcecode.c.h; path = UItils.h; sourceTree = "<group>"; };
		5307F91621EC59480061D5A6 /* CustomNavigationBar.h */ = {isa = PBXFileReference; fileEncoding = 4; lastKnownFileType = sourcecode.c.h; path = CustomNavigationBar.h; sourceTree = "<group>"; };
		5307F91721EC59480061D5A6 /* TopThreeView.h */ = {isa = PBXFileReference; fileEncoding = 4; lastKnownFileType = sourcecode.c.h; path = TopThreeView.h; sourceTree = "<group>"; };
		5307F91821EC59480061D5A6 /* PageContentView.h */ = {isa = PBXFileReference; fileEncoding = 4; lastKnownFileType = sourcecode.c.h; path = PageContentView.h; sourceTree = "<group>"; };
		5307F91921EC59480061D5A6 /* UserInfo.h */ = {isa = PBXFileReference; fileEncoding = 4; lastKnownFileType = sourcecode.c.h; path = UserInfo.h; sourceTree = "<group>"; };
		5307F91B21EC59480061D5A6 /* NSArray+Log.m */ = {isa = PBXFileReference; fileEncoding = 4; lastKnownFileType = sourcecode.c.objc; path = "NSArray+Log.m"; sourceTree = "<group>"; };
		5307F91C21EC59480061D5A6 /* CAShapeLayerView.h */ = {isa = PBXFileReference; fileEncoding = 4; lastKnownFileType = sourcecode.c.h; path = CAShapeLayerView.h; sourceTree = "<group>"; };
		5307F93721EC5ADA0061D5A6 /* BackBtnViewController.h */ = {isa = PBXFileReference; fileEncoding = 4; lastKnownFileType = sourcecode.c.h; path = BackBtnViewController.h; sourceTree = "<group>"; };
		5307F93821EC5ADA0061D5A6 /* BackBtnViewController.m */ = {isa = PBXFileReference; fileEncoding = 4; lastKnownFileType = sourcecode.c.objc; path = BackBtnViewController.m; sourceTree = "<group>"; };
		5307F93921EC5ADB0061D5A6 /* BackBtnViewController.xib */ = {isa = PBXFileReference; fileEncoding = 4; lastKnownFileType = file.xib; path = BackBtnViewController.xib; sourceTree = "<group>"; };
		5307F93C21EC64440061D5A6 /* LoginRegisterViewCtrl.h */ = {isa = PBXFileReference; lastKnownFileType = sourcecode.c.h; path = LoginRegisterViewCtrl.h; sourceTree = "<group>"; };
		5307F93D21EC64440061D5A6 /* LoginRegisterViewCtrl.m */ = {isa = PBXFileReference; lastKnownFileType = sourcecode.c.objc; path = LoginRegisterViewCtrl.m; sourceTree = "<group>"; };
		5307F93F21EC6EAD0061D5A6 /* IncludeCellView.h */ = {isa = PBXFileReference; fileEncoding = 4; lastKnownFileType = sourcecode.c.h; path = IncludeCellView.h; sourceTree = "<group>"; };
		5307F94021EC6EAD0061D5A6 /* IncludeCellView.m */ = {isa = PBXFileReference; fileEncoding = 4; lastKnownFileType = sourcecode.c.objc; path = IncludeCellView.m; sourceTree = "<group>"; };
		5307F94221EC6F800061D5A6 /* MainViewController.h */ = {isa = PBXFileReference; lastKnownFileType = sourcecode.c.h; path = MainViewController.h; sourceTree = "<group>"; };
		5307F94321EC6F800061D5A6 /* MainViewController.m */ = {isa = PBXFileReference; lastKnownFileType = sourcecode.c.objc; path = MainViewController.m; sourceTree = "<group>"; };
		5307F94721EC71DD0061D5A6 /* WJZSickCell.xib */ = {isa = PBXFileReference; fileEncoding = 4; lastKnownFileType = file.xib; path = WJZSickCell.xib; sourceTree = "<group>"; };
		5307F94821EC71DD0061D5A6 /* WJZSickCell.m */ = {isa = PBXFileReference; fileEncoding = 4; lastKnownFileType = sourcecode.c.objc; path = WJZSickCell.m; sourceTree = "<group>"; };
		5307F94921EC71DD0061D5A6 /* WJZSickCell.h */ = {isa = PBXFileReference; fileEncoding = 4; lastKnownFileType = sourcecode.c.h; path = WJZSickCell.h; sourceTree = "<group>"; };
		59830A3EF72F8F700650DC7F /* libPods-HikVideoPro.a */ = {isa = PBXFileReference; explicitFileType = archive.ar; includeInIndex = 0; path = "libPods-HikVideoPro.a"; sourceTree = BUILT_PRODUCTS_DIR; };
		79F76D78667284AE30D283DD /* Pods-HikVideoPro.release.xcconfig */ = {isa = PBXFileReference; includeInIndex = 1; lastKnownFileType = text.xcconfig; name = "Pods-HikVideoPro.release.xcconfig"; path = "Pods/Target Support Files/Pods-HikVideoPro/Pods-HikVideoPro.release.xcconfig"; sourceTree = "<group>"; };
		D7120937ED6E54B3A517EBDC /* Pods-HikVideoPro.debug.xcconfig */ = {isa = PBXFileReference; includeInIndex = 1; lastKnownFileType = text.xcconfig; name = "Pods-HikVideoPro.debug.xcconfig"; path = "Pods/Target Support Files/Pods-HikVideoPro/Pods-HikVideoPro.debug.xcconfig"; sourceTree = "<group>"; };
/* End PBXFileReference section */

/* Begin PBXFrameworksBuildPhase section */
		5307F8BA21EC572A0061D5A6 /* Frameworks */ = {
			isa = PBXFrameworksBuildPhase;
			buildActionMask = 2147483647;
			files = (
				4D061F87F0170A1DDF61A34B /* libPods-HikVideoPro.a in Frameworks */,
			);
			runOnlyForDeploymentPostprocessing = 0;
		};
/* End PBXFrameworksBuildPhase section */

/* Begin PBXGroup section */
		04B06C81206D5A9924FCC586 /* Frameworks */ = {
			isa = PBXGroup;
			children = (
				59830A3EF72F8F700650DC7F /* libPods-HikVideoPro.a */,
			);
			name = Frameworks;
			sourceTree = "<group>";
		};
		5307F8B421EC572A0061D5A6 = {
			isa = PBXGroup;
			children = (
				5307F8BF21EC572A0061D5A6 /* HikVideoPro */,
				5307F8EA21EC59480061D5A6 /* Common */,
				5307F8E321EC59390061D5A6 /* NetWord */,
				5307F8DA21EC59320061D5A6 /* Sources */,
				5307F8BE21EC572A0061D5A6 /* Products */,
				D02114335F66AFD27D899B05 /* Pods */,
				04B06C81206D5A9924FCC586 /* Frameworks */,
			);
			sourceTree = "<group>";
		};
		5307F8BE21EC572A0061D5A6 /* Products */ = {
			isa = PBXGroup;
			children = (
				5307F8BD21EC572A0061D5A6 /* HikVideoPro.app */,
			);
			name = Products;
			sourceTree = "<group>";
		};
		5307F8BF21EC572A0061D5A6 /* HikVideoPro */ = {
			isa = PBXGroup;
			children = (
				5307F8C021EC572A0061D5A6 /* AppDelegate.h */,
				5307F8C121EC572A0061D5A6 /* AppDelegate.m */,
				5307F8D721EC59130061D5A6 /* Ctrls */,
				5307F8D821EC59130061D5A6 /* Views */,
				5307F8D621EC59130061D5A6 /* Cells */,
				5307F8D921EC59130061D5A6 /* Models */,
				5307F8C621EC572A0061D5A6 /* Main.storyboard */,
				5307F8C921EC572C0061D5A6 /* Assets.xcassets */,
				5307F8CB21EC572C0061D5A6 /* LaunchScreen.storyboard */,
				5307F8CE21EC572C0061D5A6 /* Info.plist */,
				5307F8CF21EC572C0061D5A6 /* main.m */,
			);
			path = HikVideoPro;
			sourceTree = "<group>";
		};
		5307F8D621EC59130061D5A6 /* Cells */ = {
			isa = PBXGroup;
			children = (
				5307F94921EC71DD0061D5A6 /* WJZSickCell.h */,
				5307F94821EC71DD0061D5A6 /* WJZSickCell.m */,
				5307F94721EC71DD0061D5A6 /* WJZSickCell.xib */,
			);
			path = Cells;
			sourceTree = "<group>";
		};
		5307F8D721EC59130061D5A6 /* Ctrls */ = {
			isa = PBXGroup;
			children = (
				5307F93721EC5ADA0061D5A6 /* BackBtnViewController.h */,
				5307F93821EC5ADA0061D5A6 /* BackBtnViewController.m */,
				5307F93921EC5ADB0061D5A6 /* BackBtnViewController.xib */,
				5307F93C21EC64440061D5A6 /* LoginRegisterViewCtrl.h */,
				5307F93D21EC64440061D5A6 /* LoginRegisterViewCtrl.m */,
				5307F94221EC6F800061D5A6 /* MainViewController.h */,
				5307F94321EC6F800061D5A6 /* MainViewController.m */,
			);
			path = Ctrls;
			sourceTree = "<group>";
		};
		5307F8D821EC59130061D5A6 /* Views */ = {
			isa = PBXGroup;
			children = (
				5307F93F21EC6EAD0061D5A6 /* IncludeCellView.h */,
				5307F94021EC6EAD0061D5A6 /* IncludeCellView.m */,
			);
			path = Views;
			sourceTree = "<group>";
		};
		5307F8D921EC59130061D5A6 /* Models */ = {
			isa = PBXGroup;
			children = (
			);
			path = Models;
			sourceTree = "<group>";
		};
		5307F8DA21EC59320061D5A6 /* Sources */ = {
			isa = PBXGroup;
			children = (
				5307F8DB21EC59320061D5A6 /* HJG_YinSi.h */,
				5307F8DF21EC59320061D5A6 /* HJG_YinSi.m */,
				5307F8DC21EC59320061D5A6 /* Defaults.h */,
				5307F8DD21EC59320061D5A6 /* URLs.h */,
				5307F8DE21EC59320061D5A6 /* PrefixHeader.pch */,
				5307F8E021EC59320061D5A6 /* App隐私政策.html */,
			);
			path = Sources;
			sourceTree = "<group>";
		};
		5307F8E321EC59390061D5A6 /* NetWord */ = {
			isa = PBXGroup;
			children = (
				5307F8E421EC59390061D5A6 /* HYNetworking.h */,
				5307F8E621EC59390061D5A6 /* HYNetworking.m */,
				5307F8E521EC59390061D5A6 /* ShareManagerCtrl.h */,
				5307F8E721EC59390061D5A6 /* ShareManagerCtrl.m */,
			);
			path = NetWord;
			sourceTree = "<group>";
		};
		5307F8EA21EC59480061D5A6 /* Common */ = {
			isa = PBXGroup;
			children = (
				5307F8EB21EC59480061D5A6 /* AlertView.h */,
				5307F90D21EC59480061D5A6 /* AlertView.m */,
				5307F90B21EC59480061D5A6 /* AlertView.xib */,
				5307F90C21EC59480061D5A6 /* TitleView.h */,
				5307F8EC21EC59480061D5A6 /* TitleView.m */,
				5307F90A21EC59480061D5A6 /* ActionSheetView.h */,
				5307F8EE21EC59480061D5A6 /* ActionSheetView.m */,
				5307F90921EC59480061D5A6 /* NSDictionary+Log.h */,
				5307F8EF21EC59480061D5A6 /* NSDictionary+Log.m */,
				5307F91621EC59480061D5A6 /* CustomNavigationBar.h */,
				5307F8F021EC59480061D5A6 /* CustomNavigationBar.m */,
				5307F91521EC59480061D5A6 /* UItils.h */,
				5307F8F121EC59480061D5A6 /* UItils.m */,
				5307F90F21EC59480061D5A6 /* HYSegmentView.h */,
				5307F8F521EC59480061D5A6 /* HYSegmentView.m */,
				5307F91921EC59480061D5A6 /* UserInfo.h */,
				5307F8F721EC59480061D5A6 /* UserInfo.m */,
				5307F91821EC59480061D5A6 /* PageContentView.h */,
				5307F90421EC59480061D5A6 /* PageContentView.m */,
				5307F91721EC59480061D5A6 /* TopThreeView.h */,
				5307F90521EC59480061D5A6 /* TopThreeView.m */,
				5307F90621EC59480061D5A6 /* TopThreeView.xib */,
				5307F90821EC59480061D5A6 /* NSArray+Log.h */,
				5307F91B21EC59480061D5A6 /* NSArray+Log.m */,
				5307F91C21EC59480061D5A6 /* CAShapeLayerView.h */,
				5307F90721EC59480061D5A6 /* CAShapeLayerView.m */,
			);
			path = Common;
			sourceTree = "<group>";
		};
		D02114335F66AFD27D899B05 /* Pods */ = {
			isa = PBXGroup;
			children = (
				D7120937ED6E54B3A517EBDC /* Pods-HikVideoPro.debug.xcconfig */,
				79F76D78667284AE30D283DD /* Pods-HikVideoPro.release.xcconfig */,
			);
			name = Pods;
			sourceTree = "<group>";
		};
/* End PBXGroup section */

/* Begin PBXNativeTarget section */
		5307F8BC21EC572A0061D5A6 /* HikVideoPro */ = {
			isa = PBXNativeTarget;
			buildConfigurationList = 5307F8D321EC572C0061D5A6 /* Build configuration list for PBXNativeTarget "HikVideoPro" */;
			buildPhases = (
				C2A2199EA9801CF77EA9B128 /* [CP] Check Pods Manifest.lock */,
				5307F8B921EC572A0061D5A6 /* Sources */,
				5307F8BA21EC572A0061D5A6 /* Frameworks */,
				5307F8BB21EC572A0061D5A6 /* Resources */,
				6A02F96B780514B3733E09CF /* [CP] Copy Pods Resources */,
			);
			buildRules = (
			);
			dependencies = (
			);
			name = HikVideoPro;
			productName = HikVideoPro;
			productReference = 5307F8BD21EC572A0061D5A6 /* HikVideoPro.app */;
			productType = "com.apple.product-type.application";
		};
/* End PBXNativeTarget section */

/* Begin PBXProject section */
		5307F8B521EC572A0061D5A6 /* Project object */ = {
			isa = PBXProject;
			attributes = {
				LastUpgradeCheck = 1010;
				ORGANIZATIONNAME = JSG;
				TargetAttributes = {
					5307F8BC21EC572A0061D5A6 = {
						CreatedOnToolsVersion = 10.1;
					};
				};
			};
			buildConfigurationList = 5307F8B821EC572A0061D5A6 /* Build configuration list for PBXProject "HikVideoPro" */;
			compatibilityVersion = "Xcode 9.3";
			developmentRegion = en;
			hasScannedForEncodings = 0;
			knownRegions = (
				en,
				Base,
			);
			mainGroup = 5307F8B421EC572A0061D5A6;
			productRefGroup = 5307F8BE21EC572A0061D5A6 /* Products */;
			projectDirPath = "";
			projectRoot = "";
			targets = (
				5307F8BC21EC572A0061D5A6 /* HikVideoPro */,
			);
		};
/* End PBXProject section */

/* Begin PBXResourcesBuildPhase section */
		5307F8BB21EC572A0061D5A6 /* Resources */ = {
			isa = PBXResourcesBuildPhase;
			buildActionMask = 2147483647;
			files = (
				5307F8CD21EC572C0061D5A6 /* LaunchScreen.storyboard in Resources */,
				5307F93B21EC5ADB0061D5A6 /* BackBtnViewController.xib in Resources */,
				5307F8CA21EC572C0061D5A6 /* Assets.xcassets in Resources */,
				5307F92C21EC59480061D5A6 /* TopThreeView.xib in Resources */,
				5307F92E21EC59480061D5A6 /* AlertView.xib in Resources */,
				5307F94A21EC71DD0061D5A6 /* WJZSickCell.xib in Resources */,
				5307F8E221EC59320061D5A6 /* App隐私政策.html in Resources */,
				5307F8C821EC572A0061D5A6 /* Main.storyboard in Resources */,
			);
			runOnlyForDeploymentPostprocessing = 0;
		};
/* End PBXResourcesBuildPhase section */

/* Begin PBXShellScriptBuildPhase section */
		6A02F96B780514B3733E09CF /* [CP] Copy Pods Resources */ = {
			isa = PBXShellScriptBuildPhase;
			buildActionMask = 2147483647;
			files = (
			);
			inputFileListPaths = (
			);
			inputPaths = (
				"${SRCROOT}/Pods/Target Support Files/Pods-HikVideoPro/Pods-HikVideoPro-resources.sh",
				"${PODS_ROOT}/IQKeyboardManager/IQKeyboardManager/Resources/IQKeyboardManager.bundle",
				"${PODS_ROOT}/MJRefresh/MJRefresh/MJRefresh.bundle",
				"${PODS_ROOT}/SVProgressHUD/SVProgressHUD/SVProgressHUD.bundle",
			);
			name = "[CP] Copy Pods Resources";
			outputFileListPaths = (
			);
			outputPaths = (
				"${TARGET_BUILD_DIR}/${UNLOCALIZED_RESOURCES_FOLDER_PATH}/IQKeyboardManager.bundle",
				"${TARGET_BUILD_DIR}/${UNLOCALIZED_RESOURCES_FOLDER_PATH}/MJRefresh.bundle",
				"${TARGET_BUILD_DIR}/${UNLOCALIZED_RESOURCES_FOLDER_PATH}/SVProgressHUD.bundle",
			);
			runOnlyForDeploymentPostprocessing = 0;
			shellPath = /bin/sh;
			shellScript = "\"${SRCROOT}/Pods/Target Support Files/Pods-HikVideoPro/Pods-HikVideoPro-resources.sh\"\n";
			showEnvVarsInLog = 0;
		};
		C2A2199EA9801CF77EA9B128 /* [CP] Check Pods Manifest.lock */ = {
			isa = PBXShellScriptBuildPhase;
			buildActionMask = 2147483647;
			files = (
			);
			inputFileListPaths = (
			);
			inputPaths = (
				"${PODS_PODFILE_DIR_PATH}/Podfile.lock",
				"${PODS_ROOT}/Manifest.lock",
			);
			name = "[CP] Check Pods Manifest.lock";
			outputFileListPaths = (
			);
			outputPaths = (
				"$(DERIVED_FILE_DIR)/Pods-HikVideoPro-checkManifestLockResult.txt",
			);
			runOnlyForDeploymentPostprocessing = 0;
			shellPath = /bin/sh;
			shellScript = "diff \"${PODS_PODFILE_DIR_PATH}/Podfile.lock\" \"${PODS_ROOT}/Manifest.lock\" > /dev/null\nif [ $? != 0 ] ; then\n    # print error to STDERR\n    echo \"error: The sandbox is not in sync with the Podfile.lock. Run 'pod install' or update your CocoaPods installation.\" >&2\n    exit 1\nfi\n# This output is used by Xcode 'outputs' to avoid re-running this script phase.\necho \"SUCCESS\" > \"${SCRIPT_OUTPUT_FILE_0}\"\n";
			showEnvVarsInLog = 0;
		};
/* End PBXShellScriptBuildPhase section */

/* Begin PBXSourcesBuildPhase section */
		5307F8B921EC572A0061D5A6 /* Sources */ = {
			isa = PBXSourcesBuildPhase;
			buildActionMask = 2147483647;
			files = (
				5307F93621EC59480061D5A6 /* NSArray+Log.m in Sources */,
				5307F92421EC59480061D5A6 /* UserInfo.m in Sources */,
				5307F93E21EC64440061D5A6 /* LoginRegisterViewCtrl.m in Sources */,
				5307F8D021EC572C0061D5A6 /* main.m in Sources */,
				5307F94521EC6F800061D5A6 /* MainViewController.m in Sources */,
				5307F92021EC59480061D5A6 /* CustomNavigationBar.m in Sources */,
				5307F92A21EC59480061D5A6 /* PageContentView.m in Sources */,
				5307F91F21EC59480061D5A6 /* NSDictionary+Log.m in Sources */,
				5307F93A21EC5ADB0061D5A6 /* BackBtnViewController.m in Sources */,
				5307F91D21EC59480061D5A6 /* TitleView.m in Sources */,
				5307F92D21EC59480061D5A6 /* CAShapeLayerView.m in Sources */,
				5307F92B21EC59480061D5A6 /* TopThreeView.m in Sources */,
				5307F94121EC6EAD0061D5A6 /* IncludeCellView.m in Sources */,
				5307F92321EC59480061D5A6 /* HYSegmentView.m in Sources */,
				5307F91E21EC59480061D5A6 /* ActionSheetView.m in Sources */,
				5307F92F21EC59480061D5A6 /* AlertView.m in Sources */,
				5307F8E121EC59320061D5A6 /* HJG_YinSi.m in Sources */,
				5307F94B21EC71DD0061D5A6 /* WJZSickCell.m in Sources */,
				5307F8E821EC59390061D5A6 /* HYNetworking.m in Sources */,
				5307F8C221EC572A0061D5A6 /* AppDelegate.m in Sources */,
				5307F8E921EC59390061D5A6 /* ShareManagerCtrl.m in Sources */,
				5307F92121EC59480061D5A6 /* UItils.m in Sources */,
			);
			runOnlyForDeploymentPostprocessing = 0;
		};
/* End PBXSourcesBuildPhase section */

/* Begin PBXVariantGroup section */
		5307F8C621EC572A0061D5A6 /* Main.storyboard */ = {
			isa = PBXVariantGroup;
			children = (
				5307F8C721EC572A0061D5A6 /* Base */,
			);
			name = Main.storyboard;
			sourceTree = "<group>";
		};
		5307F8CB21EC572C0061D5A6 /* LaunchScreen.storyboard */ = {
			isa = PBXVariantGroup;
			children = (
				5307F8CC21EC572C0061D5A6 /* Base */,
			);
			name = LaunchScreen.storyboard;
			sourceTree = "<group>";
		};
/* End PBXVariantGroup section */

/* Begin XCBuildConfiguration section */
		5307F8D121EC572C0061D5A6 /* Debug */ = {
			isa = XCBuildConfiguration;
			buildSettings = {
				ALWAYS_SEARCH_USER_PATHS = NO;
				CLANG_ANALYZER_NONNULL = YES;
				CLANG_ANALYZER_NUMBER_OBJECT_CONVERSION = YES_AGGRESSIVE;
				CLANG_CXX_LANGUAGE_STANDARD = "gnu++14";
				CLANG_CXX_LIBRARY = "libc++";
				CLANG_ENABLE_MODULES = YES;
				CLANG_ENABLE_OBJC_ARC = YES;
				CLANG_ENABLE_OBJC_WEAK = YES;
				CLANG_WARN_BLOCK_CAPTURE_AUTORELEASING = YES;
				CLANG_WARN_BOOL_CONVERSION = YES;
				CLANG_WARN_COMMA = YES;
				CLANG_WARN_CONSTANT_CONVERSION = YES;
				CLANG_WARN_DEPRECATED_OBJC_IMPLEMENTATIONS = YES;
				CLANG_WARN_DIRECT_OBJC_ISA_USAGE = YES_ERROR;
				CLANG_WARN_DOCUMENTATION_COMMENTS = YES;
				CLANG_WARN_EMPTY_BODY = YES;
				CLANG_WARN_ENUM_CONVERSION = YES;
				CLANG_WARN_INFINITE_RECURSION = YES;
				CLANG_WARN_INT_CONVERSION = YES;
				CLANG_WARN_NON_LITERAL_NULL_CONVERSION = YES;
				CLANG_WARN_OBJC_IMPLICIT_RETAIN_SELF = YES;
				CLANG_WARN_OBJC_LITERAL_CONVERSION = YES;
				CLANG_WARN_OBJC_ROOT_CLASS = YES_ERROR;
				CLANG_WARN_RANGE_LOOP_ANALYSIS = YES;
				CLANG_WARN_STRICT_PROTOTYPES = YES;
				CLANG_WARN_SUSPICIOUS_MOVE = YES;
				CLANG_WARN_UNGUARDED_AVAILABILITY = YES_AGGRESSIVE;
				CLANG_WARN_UNREACHABLE_CODE = YES;
				CLANG_WARN__DUPLICATE_METHOD_MATCH = YES;
				CODE_SIGN_IDENTITY = "iPhone Developer";
				COPY_PHASE_STRIP = NO;
				DEBUG_INFORMATION_FORMAT = dwarf;
				ENABLE_STRICT_OBJC_MSGSEND = YES;
				ENABLE_TESTABILITY = YES;
				GCC_C_LANGUAGE_STANDARD = gnu11;
				GCC_DYNAMIC_NO_PIC = NO;
				GCC_NO_COMMON_BLOCKS = YES;
				GCC_OPTIMIZATION_LEVEL = 0;
				GCC_PREPROCESSOR_DEFINITIONS = (
					"DEBUG=1",
					"$(inherited)",
				);
				GCC_WARN_64_TO_32_BIT_CONVERSION = YES;
				GCC_WARN_ABOUT_RETURN_TYPE = YES_ERROR;
				GCC_WARN_UNDECLARED_SELECTOR = YES;
				GCC_WARN_UNINITIALIZED_AUTOS = YES_AGGRESSIVE;
				GCC_WARN_UNUSED_FUNCTION = YES;
				GCC_WARN_UNUSED_VARIABLE = YES;
				IPHONEOS_DEPLOYMENT_TARGET = 12.1;
				MTL_ENABLE_DEBUG_INFO = INCLUDE_SOURCE;
				MTL_FAST_MATH = YES;
				ONLY_ACTIVE_ARCH = YES;
				SDKROOT = iphoneos;
			};
			name = Debug;
		};
		5307F8D221EC572C0061D5A6 /* Release */ = {
			isa = XCBuildConfiguration;
			buildSettings = {
				ALWAYS_SEARCH_USER_PATHS = NO;
				CLANG_ANALYZER_NONNULL = YES;
				CLANG_ANALYZER_NUMBER_OBJECT_CONVERSION = YES_AGGRESSIVE;
				CLANG_CXX_LANGUAGE_STANDARD = "gnu++14";
				CLANG_CXX_LIBRARY = "libc++";
				CLANG_ENABLE_MODULES = YES;
				CLANG_ENABLE_OBJC_ARC = YES;
				CLANG_ENABLE_OBJC_WEAK = YES;
				CLANG_WARN_BLOCK_CAPTURE_AUTORELEASING = YES;
				CLANG_WARN_BOOL_CONVERSION = YES;
				CLANG_WARN_COMMA = YES;
				CLANG_WARN_CONSTANT_CONVERSION = YES;
				CLANG_WARN_DEPRECATED_OBJC_IMPLEMENTATIONS = YES;
				CLANG_WARN_DIRECT_OBJC_ISA_USAGE = YES_ERROR;
				CLANG_WARN_DOCUMENTATION_COMMENTS = YES;
				CLANG_WARN_EMPTY_BODY = YES;
				CLANG_WARN_ENUM_CONVERSION = YES;
				CLANG_WARN_INFINITE_RECURSION = YES;
				CLANG_WARN_INT_CONVERSION = YES;
				CLANG_WARN_NON_LITERAL_NULL_CONVERSION = YES;
				CLANG_WARN_OBJC_IMPLICIT_RETAIN_SELF = YES;
				CLANG_WARN_OBJC_LITERAL_CONVERSION = YES;
				CLANG_WARN_OBJC_ROOT_CLASS = YES_ERROR;
				CLANG_WARN_RANGE_LOOP_ANALYSIS = YES;
				CLANG_WARN_STRICT_PROTOTYPES = YES;
				CLANG_WARN_SUSPICIOUS_MOVE = YES;
				CLANG_WARN_UNGUARDED_AVAILABILITY = YES_AGGRESSIVE;
				CLANG_WARN_UNREACHABLE_CODE = YES;
				CLANG_WARN__DUPLICATE_METHOD_MATCH = YES;
				CODE_SIGN_IDENTITY = "iPhone Developer";
				COPY_PHASE_STRIP = NO;
				DEBUG_INFORMATION_FORMAT = "dwarf-with-dsym";
				ENABLE_NS_ASSERTIONS = NO;
				ENABLE_STRICT_OBJC_MSGSEND = YES;
				GCC_C_LANGUAGE_STANDARD = gnu11;
				GCC_NO_COMMON_BLOCKS = YES;
				GCC_WARN_64_TO_32_BIT_CONVERSION = YES;
				GCC_WARN_ABOUT_RETURN_TYPE = YES_ERROR;
				GCC_WARN_UNDECLARED_SELECTOR = YES;
				GCC_WARN_UNINITIALIZED_AUTOS = YES_AGGRESSIVE;
				GCC_WARN_UNUSED_FUNCTION = YES;
				GCC_WARN_UNUSED_VARIABLE = YES;
				IPHONEOS_DEPLOYMENT_TARGET = 12.1;
				MTL_ENABLE_DEBUG_INFO = NO;
				MTL_FAST_MATH = YES;
				SDKROOT = iphoneos;
				VALIDATE_PRODUCT = YES;
			};
			name = Release;
		};
		5307F8D421EC572C0061D5A6 /* Debug */ = {
			isa = XCBuildConfiguration;
			baseConfigurationReference = D7120937ED6E54B3A517EBDC /* Pods-HikVideoPro.debug.xcconfig */;
			buildSettings = {
				ASSETCATALOG_COMPILER_APPICON_NAME = AppIcon;
				CODE_SIGN_STYLE = Automatic;
				GCC_PREFIX_HEADER = /Users/jsg/HikVideoPro/HikVideoPro/Sources/PrefixHeader.pch;
				INFOPLIST_FILE = HikVideoPro/Info.plist;
				LD_RUNPATH_SEARCH_PATHS = (
					"$(inherited)",
					"@executable_path/Frameworks",
				);
				PRODUCT_BUNDLE_IDENTIFIER = com.zhang.haiyong.HikVideoPro;
				PRODUCT_NAME = "$(TARGET_NAME)";
				TARGETED_DEVICE_FAMILY = "1,2";
			};
			name = Debug;
		};
		5307F8D521EC572C0061D5A6 /* Release */ = {
			isa = XCBuildConfiguration;
			baseConfigurationReference = 79F76D78667284AE30D283DD /* Pods-HikVideoPro.release.xcconfig */;
			buildSettings = {
				ASSETCATALOG_COMPILER_APPICON_NAME = AppIcon;
				CODE_SIGN_STYLE = Automatic;
				GCC_PREFIX_HEADER = /Users/jsg/HikVideoPro/HikVideoPro/Sources/PrefixHeader.pch;
				INFOPLIST_FILE = HikVideoPro/Info.plist;
				LD_RUNPATH_SEARCH_PATHS = (
					"$(inherited)",
					"@executable_path/Frameworks",
				);
				PRODUCT_BUNDLE_IDENTIFIER = com.zhang.haiyong.HikVideoPro;
				PRODUCT_NAME = "$(TARGET_NAME)";
				TARGETED_DEVICE_FAMILY = "1,2";
			};
			name = Release;
		};
/* End XCBuildConfiguration section */

/* Begin XCConfigurationList section */
		5307F8B821EC572A0061D5A6 /* Build configuration list for PBXProject "HikVideoPro" */ = {
			isa = XCConfigurationList;
			buildConfigurations = (
				5307F8D121EC572C0061D5A6 /* Debug */,
				5307F8D221EC572C0061D5A6 /* Release */,
			);
			defaultConfigurationIsVisible = 0;
			defaultConfigurationName = Release;
		};
		5307F8D321EC572C0061D5A6 /* Build configuration list for PBXNativeTarget "HikVideoPro" */ = {
			isa = XCConfigurationList;
			buildConfigurations = (
				5307F8D421EC572C0061D5A6 /* Debug */,
				5307F8D521EC572C0061D5A6 /* Release */,
			);
			defaultConfigurationIsVisible = 0;
			defaultConfigurationName = Release;
		};
/* End XCConfigurationList section */
	};
	rootObject = 5307F8B521EC572A0061D5A6 /* Project object */;
}
